
Microsoft Visual Studio Solution File, Format Version 12.00
# Visual Studio Version 17
VisualStudioVersion = 17.10.35201.131
MinimumVisualStudioVersion = 10.0.40219.1
Project("{8BC9CEB8-8B4A-11D0-8D11-00A0C91BC942}") = "New Array", "New Array\New Array.vcxproj", "{B735E40F-5D45-4C77-9110-8CDDF31E979F}"
EndProject
Global
	GlobalSection(SolutionConfigurationPlatforms) = preSolution
		Debug|x64 = Debug|x64
		Debug|x86 = Debug|x86
		Release|x64 = Release|x64
		Release|x86 = Release|x86
	EndGlobalSection
	GlobalSection(ProjectConfigurationPlatforms) = postSolution
		{B735E40F-5D45-4C77-9110-8CDDF31E979F}.Debug|x64.ActiveCfg = Debug|x64
		{B735E40F-5D45-4C77-9110-8CDDF31E979F}.Debug|x64.Build.0 = Debug|x64
		{B735E40F-5D45-4C77-9110-8CDDF31E979F}.Debug|x86.ActiveCfg = Debug|Win32
		{B735E40F-5D45-4C77-9110-8CDDF31E979F}.Debug|x86.Build.0 = Debug|Win32
		{B735E40F-5D45-4C77-9110-8CDDF31E979F}.Release|x64.ActiveCfg = Release|x64
		{B735E40F-5D45-4C77-9110-8CDDF31E979F}.Release|x64.Build.0 = Release|x64
		{B735E40F-5D45-4C77-9110-8CDDF31E979F}.Release|x86.ActiveCfg = Release|Win32
		{B735E40F-5D45-4C77-9110-8CDDF31E979F}.Release|x86.Build.0 = Release|Win32
	EndGlobalSection
	GlobalSection(SolutionProperties) = preSolution
		HideSolutionNode = FALSE
	EndGlobalSection
	GlobalSection(ExtensibilityGlobals) = postSolution
		SolutionGuid = {BA291A5D-E574-4465-AE68-18710DA1745D}
	EndGlobalSection
EndGlobal
